
Microsoft Visual Studio Solution File, Format Version 12.00
# Visual Studio Version 17
VisualStudioVersion = 17.5.33530.505
MinimumVisualStudioVersion = 10.0.40219.1
Project("{9A19103F-16F7-4668-BE54-9A1E7A4F7556}") = "HealthApp.Domain", "HealthApp.Domain\HealthApp.Domain.csproj", "{3A8E971C-E5CF-43DB-A9E2-0265F55BF6F2}"
EndProject
Project("{9A19103F-16F7-4668-BE54-9A1E7A4F7556}") = "HealthApp.Persistence", "HealthApp.Persistence\HealthApp.Persistence.csproj", "{56E09257-0975-4F8D-AE9C-B5C6B6A9E71B}"
EndProject
Project("{9A19103F-16F7-4668-BE54-9A1E7A4F7556}") = "HealthApp.Application", "HealthApp.Application\HealthApp.Application.csproj", "{DCA5775F-6B37-4AC5-BCD8-0B46F6462EC0}"
EndProject
Project("{9A19103F-16F7-4668-BE54-9A1E7A4F7556}") = "ConsoleApp", "ConsoleApp\ConsoleApp.csproj", "{1305F1DB-045D-489F-8A60-FBF9485EE952}"
EndProject
Project("{9A19103F-16F7-4668-BE54-9A1E7A4F7556}") = "Serialization", "Serialization\Serialization.csproj", "{EB27E275-90D1-4907-8437-89E09DED64D7}"
EndProject
Project("{FAE04EC0-301F-11D3-BF4B-00C04F79EFBC}") = "HealthApp.Maui", "HealthApp.Maui\HealthApp.Maui.csproj", "{CB106CCD-2251-4CBE-BCC0-22220EA70BB5}"
EndProject
Global
	GlobalSection(SolutionConfigurationPlatforms) = preSolution
		Debug|Any CPU = Debug|Any CPU
		Debug|x64 = Debug|x64
		Debug|x86 = Debug|x86
		Release|Any CPU = Release|Any CPU
		Release|x64 = Release|x64
		Release|x86 = Release|x86
	EndGlobalSection
	GlobalSection(ProjectConfigurationPlatforms) = postSolution
		{3A8E971C-E5CF-43DB-A9E2-0265F55BF6F2}.Debug|Any CPU.ActiveCfg = Debug|Any CPU
		{3A8E971C-E5CF-43DB-A9E2-0265F55BF6F2}.Debug|Any CPU.Build.0 = Debug|Any CPU
		{3A8E971C-E5CF-43DB-A9E2-0265F55BF6F2}.Debug|x64.ActiveCfg = Debug|Any CPU
		{3A8E971C-E5CF-43DB-A9E2-0265F55BF6F2}.Debug|x64.Build.0 = Debug|Any CPU
		{3A8E971C-E5CF-43DB-A9E2-0265F55BF6F2}.Debug|x86.ActiveCfg = Debug|Any CPU
		{3A8E971C-E5CF-43DB-A9E2-0265F55BF6F2}.Debug|x86.Build.0 = Debug|Any CPU
		{3A8E971C-E5CF-43DB-A9E2-0265F55BF6F2}.Release|Any CPU.ActiveCfg = Release|Any CPU
		{3A8E971C-E5CF-43DB-A9E2-0265F55BF6F2}.Release|Any CPU.Build.0 = Release|Any CPU
		{3A8E971C-E5CF-43DB-A9E2-0265F55BF6F2}.Release|x64.ActiveCfg = Release|Any CPU
		{3A8E971C-E5CF-43DB-A9E2-0265F55BF6F2}.Release|x64.Build.0 = Release|Any CPU
		{3A8E971C-E5CF-43DB-A9E2-0265F55BF6F2}.Release|x86.ActiveCfg = Release|Any CPU
		{3A8E971C-E5CF-43DB-A9E2-0265F55BF6F2}.Release|x86.Build.0 = Release|Any CPU
		{56E09257-0975-4F8D-AE9C-B5C6B6A9E71B}.Debug|Any CPU.ActiveCfg = Debug|Any CPU
		{56E09257-0975-4F8D-AE9C-B5C6B6A9E71B}.Debug|Any CPU.Build.0 = Debug|Any CPU
		{56E09257-0975-4F8D-AE9C-B5C6B6A9E71B}.Debug|x64.ActiveCfg = Debug|Any CPU
		{56E09257-0975-4F8D-AE9C-B5C6B6A9E71B}.Debug|x64.Build.0 = Debug|Any CPU
		{56E09257-0975-4F8D-AE9C-B5C6B6A9E71B}.Debug|x86.ActiveCfg = Debug|Any CPU
		{56E09257-0975-4F8D-AE9C-B5C6B6A9E71B}.Debug|x86.Build.0 = Debug|Any CPU
		{56E09257-0975-4F8D-AE9C-B5C6B6A9E71B}.Release|Any CPU.ActiveCfg = Release|Any CPU
		{56E09257-0975-4F8D-AE9C-B5C6B6A9E71B}.Release|Any CPU.Build.0 = Release|Any CPU
		{56E09257-0975-4F8D-AE9C-B5C6B6A9E71B}.Release|x64.ActiveCfg = Release|Any CPU
		{56E09257-0975-4F8D-AE9C-B5C6B6A9E71B}.Release|x64.Build.0 = Release|Any CPU
		{56E09257-0975-4F8D-AE9C-B5C6B6A9E71B}.Release|x86.ActiveCfg = Release|Any CPU
		{56E09257-0975-4F8D-AE9C-B5C6B6A9E71B}.Release|x86.Build.0 = Release|Any CPU
		{DCA5775F-6B37-4AC5-BCD8-0B46F6462EC0}.Debug|Any CPU.ActiveCfg = Debug|Any CPU
		{DCA5775F-6B37-4AC5-BCD8-0B46F6462EC0}.Debug|Any CPU.Build.0 = Debug|Any CPU
		{DCA5775F-6B37-4AC5-BCD8-0B46F6462EC0}.Debug|x64.ActiveCfg = Debug|Any CPU
		{DCA5775F-6B37-4AC5-BCD8-0B46F6462EC0}.Debug|x64.Build.0 = Debug|Any CPU
		{DCA5775F-6B37-4AC5-BCD8-0B46F6462EC0}.Debug|x86.ActiveCfg = Debug|Any CPU
		{DCA5775F-6B37-4AC5-BCD8-0B46F6462EC0}.Debug|x86.Build.0 = Debug|Any CPU
		{DCA5775F-6B37-4AC5-BCD8-0B46F6462EC0}.Release|Any CPU.ActiveCfg = Release|Any CPU
		{DCA5775F-6B37-4AC5-BCD8-0B46F6462EC0}.Release|Any CPU.Build.0 = Release|Any CPU
		{DCA5775F-6B37-4AC5-BCD8-0B46F6462EC0}.Release|x64.ActiveCfg = Release|Any CPU
		{DCA5775F-6B37-4AC5-BCD8-0B46F6462EC0}.Release|x64.Build.0 = Release|Any CPU
		{DCA5775F-6B37-4AC5-BCD8-0B46F6462EC0}.Release|x86.ActiveCfg = Release|Any CPU
		{DCA5775F-6B37-4AC5-BCD8-0B46F6462EC0}.Release|x86.Build.0 = Release|Any CPU
		{1305F1DB-045D-489F-8A60-FBF9485EE952}.Debug|Any CPU.ActiveCfg = Debug|Any CPU
		{1305F1DB-045D-489F-8A60-FBF9485EE952}.Debug|Any CPU.Build.0 = Debug|Any CPU
		{1305F1DB-045D-489F-8A60-FBF9485EE952}.Debug|x64.ActiveCfg = Debug|Any CPU
		{1305F1DB-045D-489F-8A60-FBF9485EE952}.Debug|x64.Build.0 = Debug|Any CPU
		{1305F1DB-045D-489F-8A60-FBF9485EE952}.Debug|x86.ActiveCfg = Debug|Any CPU
		{1305F1DB-045D-489F-8A60-FBF9485EE952}.Debug|x86.Build.0 = Debug|Any CPU
		{1305F1DB-045D-489F-8A60-FBF9485EE952}.Release|Any CPU.ActiveCfg = Release|Any CPU
		{1305F1DB-045D-489F-8A60-FBF9485EE952}.Release|Any CPU.Build.0 = Release|Any CPU
		{1305F1DB-045D-489F-8A60-FBF9485EE952}.Release|x64.ActiveCfg = Release|Any CPU
		{1305F1DB-045D-489F-8A60-FBF9485EE952}.Release|x64.Build.0 = Release|Any CPU
		{1305F1DB-045D-489F-8A60-FBF9485EE952}.Release|x86.ActiveCfg = Release|Any CPU
		{1305F1DB-045D-489F-8A60-FBF9485EE952}.Release|x86.Build.0 = Release|Any CPU
		{EB27E275-90D1-4907-8437-89E09DED64D7}.Debug|Any CPU.ActiveCfg = Debug|Any CPU
		{EB27E275-90D1-4907-8437-89E09DED64D7}.Debug|Any CPU.Build.0 = Debug|Any CPU
		{EB27E275-90D1-4907-8437-89E09DED64D7}.Debug|x64.ActiveCfg = Debug|Any CPU
		{EB27E275-90D1-4907-8437-89E09DED64D7}.Debug|x64.Build.0 = Debug|Any CPU
		{EB27E275-90D1-4907-8437-89E09DED64D7}.Debug|x86.ActiveCfg = Debug|Any CPU
		{EB27E275-90D1-4907-8437-89E09DED64D7}.Debug|x86.Build.0 = Debug|Any CPU
		{EB27E275-90D1-4907-8437-89E09DED64D7}.Release|Any CPU.ActiveCfg = Release|Any CPU
		{EB27E275-90D1-4907-8437-89E09DED64D7}.Release|Any CPU.Build.0 = Release|Any CPU
		{EB27E275-90D1-4907-8437-89E09DED64D7}.Release|x64.ActiveCfg = Release|Any CPU
		{EB27E275-90D1-4907-8437-89E09DED64D7}.Release|x64.Build.0 = Release|Any CPU
		{EB27E275-90D1-4907-8437-89E09DED64D7}.Release|x86.ActiveCfg = Release|Any CPU
		{EB27E275-90D1-4907-8437-89E09DED64D7}.Release|x86.Build.0 = Release|Any CPU
		{CB106CCD-2251-4CBE-BCC0-22220EA70BB5}.Debug|Any CPU.ActiveCfg = Debug|Any CPU
		{CB106CCD-2251-4CBE-BCC0-22220EA70BB5}.Debug|Any CPU.Build.0 = Debug|Any CPU
		{CB106CCD-2251-4CBE-BCC0-22220EA70BB5}.Debug|Any CPU.Deploy.0 = Debug|Any CPU
		{CB106CCD-2251-4CBE-BCC0-22220EA70BB5}.Debug|x64.ActiveCfg = Debug|Any CPU
		{CB106CCD-2251-4CBE-BCC0-22220EA70BB5}.Debug|x64.Build.0 = Debug|Any CPU
		{CB106CCD-2251-4CBE-BCC0-22220EA70BB5}.Debug|x64.Deploy.0 = Debug|Any CPU
		{CB106CCD-2251-4CBE-BCC0-22220EA70BB5}.Debug|x86.ActiveCfg = Debug|Any CPU
		{CB106CCD-2251-4CBE-BCC0-22220EA70BB5}.Debug|x86.Build.0 = Debug|Any CPU
		{CB106CCD-2251-4CBE-BCC0-22220EA70BB5}.Debug|x86.Deploy.0 = Debug|Any CPU
		{CB106CCD-2251-4CBE-BCC0-22220EA70BB5}.Release|Any CPU.ActiveCfg = Release|Any CPU
		{CB106CCD-2251-4CBE-BCC0-22220EA70BB5}.Release|Any CPU.Build.0 = Release|Any CPU
		{CB106CCD-2251-4CBE-BCC0-22220EA70BB5}.Release|Any CPU.Deploy.0 = Release|Any CPU
		{CB106CCD-2251-4CBE-BCC0-22220EA70BB5}.Release|x64.ActiveCfg = Release|Any CPU
		{CB106CCD-2251-4CBE-BCC0-22220EA70BB5}.Release|x64.Build.0 = Release|Any CPU
		{CB106CCD-2251-4CBE-BCC0-22220EA70BB5}.Release|x64.Deploy.0 = Release|Any CPU
		{CB106CCD-2251-4CBE-BCC0-22220EA70BB5}.Release|x86.ActiveCfg = Release|Any CPU
		{CB106CCD-2251-4CBE-BCC0-22220EA70BB5}.Release|x86.Build.0 = Release|Any CPU
		{CB106CCD-2251-4CBE-BCC0-22220EA70BB5}.Release|x86.Deploy.0 = Release|Any CPU
	EndGlobalSection
	GlobalSection(SolutionProperties) = preSolution
		HideSolutionNode = FALSE
	EndGlobalSection
	GlobalSection(ExtensibilityGlobals) = postSolution
		SolutionGuid = {5D23C71C-7037-4AC9-A070-5BC19D7AE09B}
	EndGlobalSection
EndGlobal
